{
  "requires": true,
  "lockfileVersion": 1,
  "dependencies": {
    "@sentry/browser": {
      "version": "6.7.1",
      "resolved": "https://registry.npmjs.org/@sentry/browser/-/browser-6.7.1.tgz",
      "integrity": "sha512-R5PYx4TTvifcU790XkK6JVGwavKaXwycDU0MaAwfc4Vf7BLm5KCNJCsDySu1RPAap/017MVYf54p6dWvKiRviA==",
      "requires": {
        "@sentry/core": "6.7.1",
        "@sentry/types": "6.7.1",
        "@sentry/utils": "6.7.1",
        "tslib": "^1.9.3"
      }
    },
    "@sentry/core": {
      "version": "6.7.1",
      "resolved": "https://registry.npmjs.org/@sentry/core/-/core-6.7.1.tgz",
      "integrity": "sha512-VAv8OR/7INn2JfiLcuop4hfDcyC7mfL9fdPndQEhlacjmw8gRrgXjR7qyhnCTgzFLkHI7V5bcdIzA83TRPYQpA==",
      "requires": {
        "@sentry/hub": "6.7.1",
        "@sentry/minimal": "6.7.1",
        "@sentry/types": "6.7.1",
        "@sentry/utils": "6.7.1",
        "tslib": "^1.9.3"
      }
    },
    "@sentry/hub": {
      "version": "6.7.1",
      "resolved": "https://registry.npmjs.org/@sentry/hub/-/hub-6.7.1.tgz",
      "integrity": "sha512-eVCTWvvcp6xa0A5GGNHMQEWslmKPlisE5rGmsV/kjvSUv3zSrI0eIDfb51ikdnCiBjHpK2NBWP8Vy8cZOEJegg==",
      "requires": {
        "@sentry/types": "6.7.1",
        "@sentry/utils": "6.7.1",
        "tslib": "^1.9.3"
      }
    },
    "@sentry/minimal": {
      "version": "6.7.1",
      "resolved": "https://registry.npmjs.org/@sentry/minimal/-/minimal-6.7.1.tgz",
      "integrity": "sha512-HDDPEnQRD6hC0qaHdqqKDStcdE1KhkFh0RCtJNMCDn0zpav8Dj9AteF70x6kLSlliAJ/JFwi6AmQrLz+FxPexw==",
      "requires": {
        "@sentry/hub": "6.7.1",
        "@sentry/types": "6.7.1",
        "tslib": "^1.9.3"
      }
    },
    "@sentry/react": {
      "version": "6.7.1",
      "resolved": "https://registry.npmjs.org/@sentry/react/-/react-6.7.1.tgz",
      "integrity": "sha512-kLswcfwkq+Pv4ZAQ0Tq1X3PUx0t/glD3kRRSQ0ZGn4zdQWhkTkIaVeSrxfU+K9nwZisVEAVXtMJadk4X2KNySA==",
      "requires": {
        "@sentry/browser": "6.7.1",
        "@sentry/minimal": "6.7.1",
        "@sentry/types": "6.7.1",
        "@sentry/utils": "6.7.1",
        "hoist-non-react-statics": "^3.3.2",
        "tslib": "^1.9.3"
      }
    },
    "@sentry/tracing": {
      "version": "6.7.1",
      "resolved": "https://registry.npmjs.org/@sentry/tracing/-/tracing-6.7.1.tgz",
      "integrity": "sha512-wyS3nWNl5mzaC1qZ2AIp1hjXnfO9EERjMIJjCihs2LWBz1r3efxrHxJHs8wXlNWvrT3KLhq/7vvF5CdU82uPeQ==",
      "requires": {
        "@sentry/hub": "6.7.1",
        "@sentry/minimal": "6.7.1",
        "@sentry/types": "6.7.1",
        "@sentry/utils": "6.7.1",
        "tslib": "^1.9.3"
      }
    },
    "@sentry/types": {
      "version": "6.7.1",
      "resolved": "https://registry.npmjs.org/@sentry/types/-/types-6.7.1.tgz",
      "integrity": "sha512-9AO7HKoip2MBMNQJEd6+AKtjj2+q9Ze4ooWUdEvdOVSt5drg7BGpK221/p9JEOyJAZwEPEXdcMd3VAIMiOb4MA=="
    },
    "@sentry/utils": {
      "version": "6.7.1",
      "resolved": "https://registry.npmjs.org/@sentry/utils/-/utils-6.7.1.tgz",
      "integrity": "sha512-Tq2otdbWlHAkctD+EWTYKkEx6BL1Qn3Z/imkO06/PvzpWvVhJWQ5qHAzz5XnwwqNHyV03KVzYB6znq1Bea9HuA==",
      "requires": {
        "@sentry/types": "6.7.1",
        "tslib": "^1.9.3"
      }
    },
    "hoist-non-react-statics": {
      "version": "3.3.2",
      "resolved": "https://registry.npmjs.org/hoist-non-react-statics/-/hoist-non-react-statics-3.3.2.tgz",
      "integrity": "sha512-/gGivxi8JPKWNm/W0jSmzcMPpfpPLc3dY/6GxhX2hQ9iGj3aDfklV4ET7NjKpSinLpJ5vafa9iiGIEZg10SfBw==",
      "requires": {
        "react-is": "^16.7.0"
      }
    },
    "react-is": {
      "version": "16.13.1",
      "resolved": "https://registry.npmjs.org/react-is/-/react-is-16.13.1.tgz",
      "integrity": "sha512-24e6ynE2H+OKt4kqsOvNd8kBpV65zoxbA4BVsEOB3ARVWQki/DHzaUoC5KuON/BiccDaCCTZBuOcfZs70kR8bQ=="
    },
    "tslib": {
      "version": "1.14.1",
      "resolved": "https://registry.npmjs.org/tslib/-/tslib-1.14.1.tgz",
      "integrity": "sha512-Xni35NKzjgMrwevysHTCArtLDpPvye8zV/0E4EyYn43P7/7qvQwPh9BGkHewbMulVntbigmcT7rdX3BNo9wRJg=="
    }
  }
}
